
Microsoft Visual Studio Solution File, Format Version 12.00
# Visual Studio Version 16
VisualStudioVersion = 16.0.30804.86
MinimumVisualStudioVersion = 10.0.40219.1
Project("{FAE04EC0-301F-11D3-BF4B-00C04F79EFBC}") = "Xadrez.Core", "src\Xadrez.Core\Xadrez.Core.csproj", "{7D23C783-0BB3-4DC9-8A75-B886E937E9D2}"
EndProject
Project("{FAE04EC0-301F-11D3-BF4B-00C04F79EFBC}") = "Xadrez.Console", "src\Xadrez.Console\Xadrez.Console.csproj", "{2A8E8693-4D16-4C43-AAEB-979BE9D5D5B0}"
EndProject
Project("{FAE04EC0-301F-11D3-BF4B-00C04F79EFBC}") = "Xadrez.Domain", "src\Xadrez.Domain\Xadrez.Domain.csproj", "{915715E7-B70E-49CA-9AD0-C55EA8EDD04E}"
EndProject
Global
	GlobalSection(SolutionConfigurationPlatforms) = preSolution
		Debug|Any CPU = Debug|Any CPU
		Release|Any CPU = Release|Any CPU
	EndGlobalSection
	GlobalSection(ProjectConfigurationPlatforms) = postSolution
		{7D23C783-0BB3-4DC9-8A75-B886E937E9D2}.Debug|Any CPU.ActiveCfg = Debug|Any CPU
		{7D23C783-0BB3-4DC9-8A75-B886E937E9D2}.Debug|Any CPU.Build.0 = Debug|Any CPU
		{7D23C783-0BB3-4DC9-8A75-B886E937E9D2}.Release|Any CPU.ActiveCfg = Release|Any CPU
		{7D23C783-0BB3-4DC9-8A75-B886E937E9D2}.Release|Any CPU.Build.0 = Release|Any CPU
		{2A8E8693-4D16-4C43-AAEB-979BE9D5D5B0}.Debug|Any CPU.ActiveCfg = Debug|Any CPU
		{2A8E8693-4D16-4C43-AAEB-979BE9D5D5B0}.Debug|Any CPU.Build.0 = Debug|Any CPU
		{2A8E8693-4D16-4C43-AAEB-979BE9D5D5B0}.Release|Any CPU.ActiveCfg = Release|Any CPU
		{2A8E8693-4D16-4C43-AAEB-979BE9D5D5B0}.Release|Any CPU.Build.0 = Release|Any CPU
		{915715E7-B70E-49CA-9AD0-C55EA8EDD04E}.Debug|Any CPU.ActiveCfg = Debug|Any CPU
		{915715E7-B70E-49CA-9AD0-C55EA8EDD04E}.Debug|Any CPU.Build.0 = Debug|Any CPU
		{915715E7-B70E-49CA-9AD0-C55EA8EDD04E}.Release|Any CPU.ActiveCfg = Release|Any CPU
		{915715E7-B70E-49CA-9AD0-C55EA8EDD04E}.Release|Any CPU.Build.0 = Release|Any CPU
	EndGlobalSection
	GlobalSection(SolutionProperties) = preSolution
		HideSolutionNode = FALSE
	EndGlobalSection
	GlobalSection(ExtensibilityGlobals) = postSolution
		SolutionGuid = {697C5E61-9E92-4BD6-8CA5-99F645DB334B}
	EndGlobalSection
EndGlobal
